
Microsoft Visual Studio Solution File, Format Version 12.00
# Visual Studio Version 17
VisualStudioVersion = 17.7.34031.279
MinimumVisualStudioVersion = 10.0.40219.1
Project("{FAE04EC0-301F-11D3-BF4B-00C04F79EFBC}") = "Prog1", "Prog1\Prog1.csproj", "{B88018CC-1355-4045-A406-89D83B0D80B5}"
EndProject
Global
	GlobalSection(SolutionConfigurationPlatforms) = preSolution
		Debug|Any CPU = Debug|Any CPU
		Release|Any CPU = Release|Any CPU
	EndGlobalSection
	GlobalSection(ProjectConfigurationPlatforms) = postSolution
		{B88018CC-1355-4045-A406-89D83B0D80B5}.Debug|Any CPU.ActiveCfg = Debug|Any CPU
		{B88018CC-1355-4045-A406-89D83B0D80B5}.Debug|Any CPU.Build.0 = Debug|Any CPU
		{B88018CC-1355-4045-A406-89D83B0D80B5}.Release|Any CPU.ActiveCfg = Release|Any CPU
		{B88018CC-1355-4045-A406-89D83B0D80B5}.Release|Any CPU.Build.0 = Release|Any CPU
	EndGlobalSection
	GlobalSection(SolutionProperties) = preSolution
		HideSolutionNode = FALSE
	EndGlobalSection
	GlobalSection(ExtensibilityGlobals) = postSolution
		SolutionGuid = {7470D475-33B7-4021-A68C-2CEBE2816331}
	EndGlobalSection
EndGlobal
